<?xml version="1.0" encoding="UTF-8"?>
<CONFIG>
  <ProjectOptions>
    <Version Value="12"/>
    <PathDelim Value="\"/>
    <General>
      <SessionStorage Value="InProjectDir"/>
      <Title Value="SistemaEmpresarial"/>
      <Scaled Value="True"/>
      <ResourceType Value="res"/>
      <UseXPManifest Value="True"/>
      <XPManifest>
        <DpiAware Value="True"/>
      </XPManifest>
      <Icon Value="0"/>
    </General>
    <BuildModes>
      <Item Name="Default" Default="True"/>
    </BuildModes>
    <PublishOptions>
      <Version Value="2"/>
      <UseFileFilters Value="True"/>
    </PublishOptions>
    <RunParams>
      <FormatVersion Value="2"/>
    </RunParams>
    <RequiredPackages>
      <Item>
        <PackageName Value="TAChartLazarusPkg"/>
      </Item>
      <Item>
        <PackageName Value="FCL"/>
      </Item>
      <Item>
        <PackageName Value="zcomponent"/>
      </Item>
      <Item>
        <PackageName Value="LCL"/>
      </Item>
    </RequiredPackages>
    <Units>
      <Unit>
        <Filename Value="SistemaEmpresarial.lpr"/>
        <IsPartOfProject Value="True"/>
      </Unit>
      <Unit>
        <Filename Value="umenu.pas"/>
        <IsPartOfProject Value="True"/>
        <ComponentName Value="frmMenu"/>
        <HasResources Value="True"/>
        <ResourceBaseClass Value="Form"/>
        <UnitName Value="uMenu"/>
      </Unit>
      <Unit>
        <Filename Value="udatamodule.pas"/>
        <IsPartOfProject Value="True"/>
        <ComponentName Value="DataModule1"/>
        <HasResources Value="True"/>
        <ResourceBaseClass Value="DataModule"/>
        <UnitName Value="uDataModule"/>
      </Unit>
      <Unit>
        <Filename Value="ucadclientes.pas"/>
        <IsPartOfProject Value="True"/>
        <ComponentName Value="frmCadastroClientes"/>
        <HasResources Value="True"/>
        <ResourceBaseClass Value="Form"/>
        <UnitName Value="uCadClientes"/>
      </Unit>
      <Unit>
        <Filename Value="ufrmedicaocliente.pas"/>
        <IsPartOfProject Value="True"/>
        <ComponentName Value="frmEdicaoCliente"/>
        <HasResources Value="True"/>
        <ResourceBaseClass Value="Form"/>
        <UnitName Value="ufrmEdicaoCliente"/>
      </Unit>
      <Unit>
        <Filename Value="ucadproduto.pas"/>
        <IsPartOfProject Value="True"/>
        <ComponentName Value="frmCadastroProduto"/>
        <HasResources Value="True"/>
        <ResourceBaseClass Value="Form"/>
      </Unit>
      <Unit>
        <Filename Value="uedicaoproduto.pas"/>
        <IsPartOfProject Value="True"/>
        <ComponentName Value="frmEdicaoProduto"/>
        <HasResources Value="True"/>
        <ResourceBaseClass Value="Form"/>
        <UnitName Value="uedicaoProduto"/>
      </Unit>
      <Unit>
        <Filename Value="updv.pas"/>
        <IsPartOfProject Value="True"/>
        <ComponentName Value="frmPdv"/>
        <HasResources Value="True"/>
        <ResourceBaseClass Value="Form"/>
      </Unit>
      <Unit>
        <Filename Value="uedicaoitemvenda.pas"/>
        <IsPartOfProject Value="True"/>
        <ComponentName Value="frmEdicaoItemVenda"/>
        <HasResources Value="True"/>
        <ResourceBaseClass Value="Form"/>
        <UnitName Value="uEdicaoItemVenda"/>
      </Unit>
      <Unit>
        <Filename Value="ucontasareceber.pas"/>
        <IsPartOfProject Value="True"/>
        <ComponentName Value="frmContasaReceber"/>
        <HasResources Value="True"/>
        <ResourceBaseClass Value="Form"/>
        <UnitName Value="uContasaReceber"/>
      </Unit>
      <Unit>
        <Filename Value="uprocuraclientes.pas"/>
        <IsPartOfProject Value="True"/>
        <ComponentName Value="frmProcuraClientes"/>
        <ResourceBaseClass Value="Form"/>
        <UnitName Value="uProcuraClientes"/>
      </Unit>
    </Units>
  </ProjectOptions>
  <CompilerOptions>
    <Version Value="11"/>
    <PathDelim Value="\"/>
    <Target>
      <Filename Value="SistemaEmpresarial"/>
    </Target>
    <SearchPaths>
      <IncludeFiles Value="$(ProjOutDir)"/>
      <UnitOutputDirectory Value="lib\$(TargetCPU)-$(TargetOS)"/>
    </SearchPaths>
    <Linking>
      <Debugging>
        <DebugInfoType Value="dsDwarf2Set"/>
      </Debugging>
      <Options>
        <Win32>
          <GraphicApplication Value="True"/>
        </Win32>
      </Options>
    </Linking>
  </CompilerOptions>
  <Debugging>
    <Exceptions>
      <Item>
        <Name Value="EAbort"/>
      </Item>
      <Item>
        <Name Value="ECodetoolError"/>
      </Item>
      <Item>
        <Name Value="EFOpenError"/>
      </Item>
    </Exceptions>
  </Debugging>
</CONFIG>
